// !$*UTF8*$!
{
	archiveVersion = 1;
	classes = {
	};
	objectVersion = 56;
	objects = {

/* Begin PBXBuildFile section */
		3698E10C2BD903AC00630AFD /* main.cpp in Sources */ = {isa = PBXBuildFile; fileRef = 3698E10B2BD903AC00630AFD /* main.cpp */; };
		3698E11B2BD918CD00630AFD /* KeyProvider.cpp in Sources */ = {isa = PBXBuildFile; fileRef = 3698E11A2BD918CD00630AFD /* KeyProvider.cpp */; };
		3698E11D2BDA590000630AFD /* VigenereForwardIterator.cpp in Sources */ = {isa = PBXBuildFile; fileRef = 3698E11C2BDA590000630AFD /* VigenereForwardIterator.cpp */; };
/* End PBXBuildFile section */

/* Begin PBXCopyFilesBuildPhase section */
		3698E1062BD903AC00630AFD /* CopyFiles */ = {
			isa = PBXCopyFilesBuildPhase;
			buildActionMask = 2147483647;
			dstPath = /usr/share/man/man1/;
			dstSubfolderSpec = 0;
			files = (
			);
			runOnlyForDeploymentPostprocessing = 1;
		};
/* End PBXCopyFilesBuildPhase section */

/* Begin PBXFileReference section */
		3698E1082BD903AC00630AFD /* Vigenère Cipher */ = {isa = PBXFileReference; explicitFileType = "compiled.mach-o.executable"; includeInIndex = 0; path = "Vigenère Cipher"; sourceTree = BUILT_PRODUCTS_DIR; };
		3698E10B2BD903AC00630AFD /* main.cpp */ = {isa = PBXFileReference; lastKnownFileType = sourcecode.cpp.cpp; path = main.cpp; sourceTree = "<group>"; };
		3698E1182BD9061F00630AFD /* KeyProvider.h */ = {isa = PBXFileReference; lastKnownFileType = sourcecode.c.h; path = KeyProvider.h; sourceTree = "<group>"; };
		3698E1192BD9061F00630AFD /* VigenereForwardIterator.h */ = {isa = PBXFileReference; lastKnownFileType = sourcecode.c.h; path = VigenereForwardIterator.h; sourceTree = "<group>"; };
		3698E11A2BD918CD00630AFD /* KeyProvider.cpp */ = {isa = PBXFileReference; lastKnownFileType = sourcecode.cpp.cpp; path = KeyProvider.cpp; sourceTree = "<group>"; };
		3698E11C2BDA590000630AFD /* VigenereForwardIterator.cpp */ = {isa = PBXFileReference; lastKnownFileType = sourcecode.cpp.cpp; path = VigenereForwardIterator.cpp; sourceTree = "<group>"; };
/* End PBXFileReference section */

/* Begin PBXFrameworksBuildPhase section */
		3698E1052BD903AC00630AFD /* Frameworks */ = {
			isa = PBXFrameworksBuildPhase;
			buildActionMask = 2147483647;
			files = (
			);
			runOnlyForDeploymentPostprocessing = 0;
		};
/* End PBXFrameworksBuildPhase section */

/* Begin PBXGroup section */
		3698E0FF2BD903AC00630AFD = {
			isa = PBXGroup;
			children = (
				3698E10A2BD903AC00630AFD /* Vigenère Cipher */,
				3698E1092BD903AC00630AFD /* Products */,
			);
			sourceTree = "<group>";
		};
		3698E1092BD903AC00630AFD /* Products */ = {
			isa = PBXGroup;
			children = (
				3698E1082BD903AC00630AFD /* Vigenère Cipher */,
			);
			name = Products;
			sourceTree = "<group>";
		};
		3698E10A2BD903AC00630AFD /* Vigenère Cipher */ = {
			isa = PBXGroup;
			children = (
				3698E1182BD9061F00630AFD /* KeyProvider.h */,
				3698E11A2BD918CD00630AFD /* KeyProvider.cpp */,
				3698E1192BD9061F00630AFD /* VigenereForwardIterator.h */,
				3698E11C2BDA590000630AFD /* VigenereForwardIterator.cpp */,
				3698E10B2BD903AC00630AFD /* main.cpp */,
			);
			path = "Vigenère Cipher";
			sourceTree = "<group>";
		};
/* End PBXGroup section */

/* Begin PBXNativeTarget section */
		3698E1072BD903AC00630AFD /* Vigenère Cipher */ = {
			isa = PBXNativeTarget;
			buildConfigurationList = 3698E10F2BD903AC00630AFD /* Build configuration list for PBXNativeTarget "Vigenère Cipher" */;
			buildPhases = (
				3698E1042BD903AC00630AFD /* Sources */,
				3698E1052BD903AC00630AFD /* Frameworks */,
				3698E1062BD903AC00630AFD /* CopyFiles */,
			);
			buildRules = (
			);
			dependencies = (
			);
			name = "Vigenère Cipher";
			productName = "Vigenère Cipher";
			productReference = 3698E1082BD903AC00630AFD /* Vigenère Cipher */;
			productType = "com.apple.product-type.tool";
		};
/* End PBXNativeTarget section */

/* Begin PBXProject section */
		3698E1002BD903AC00630AFD /* Project object */ = {
			isa = PBXProject;
			attributes = {
				BuildIndependentTargetsInParallel = 1;
				LastUpgradeCheck = 1510;
				TargetAttributes = {
					3698E1072BD903AC00630AFD = {
						CreatedOnToolsVersion = 15.1;
					};
				};
			};
			buildConfigurationList = 3698E1032BD903AC00630AFD /* Build configuration list for PBXProject "Vigenère Cipher" */;
			compatibilityVersion = "Xcode 14.0";
			developmentRegion = en;
			hasScannedForEncodings = 0;
			knownRegions = (
				en,
				Base,
			);
			mainGroup = 3698E0FF2BD903AC00630AFD;
			productRefGroup = 3698E1092BD903AC00630AFD /* Products */;
			projectDirPath = "";
			projectRoot = "";
			targets = (
				3698E1072BD903AC00630AFD /* Vigenère Cipher */,
			);
		};
/* End PBXProject section */

/* Begin PBXSourcesBuildPhase section */
		3698E1042BD903AC00630AFD /* Sources */ = {
			isa = PBXSourcesBuildPhase;
			buildActionMask = 2147483647;
			files = (
				3698E11B2BD918CD00630AFD /* KeyProvider.cpp in Sources */,
				3698E11D2BDA590000630AFD /* VigenereForwardIterator.cpp in Sources */,
				3698E10C2BD903AC00630AFD /* main.cpp in Sources */,
			);
			runOnlyForDeploymentPostprocessing = 0;
		};
/* End PBXSourcesBuildPhase section */

/* Begin XCBuildConfiguration section */
		3698E10D2BD903AC00630AFD /* Debug */ = {
			isa = XCBuildConfiguration;
			buildSettings = {
				ALWAYS_SEARCH_USER_PATHS = NO;
				ASSETCATALOG_COMPILER_GENERATE_SWIFT_ASSET_SYMBOL_EXTENSIONS = YES;
				CLANG_ANALYZER_NONNULL = YES;
				CLANG_ANALYZER_NUMBER_OBJECT_CONVERSION = YES_AGGRESSIVE;
				CLANG_CXX_LANGUAGE_STANDARD = "gnu++17";
				CLANG_ENABLE_MODULES = YES;
				CLANG_ENABLE_OBJC_ARC = YES;
				CLANG_ENABLE_OBJC_WEAK = YES;
				CLANG_WARN_BLOCK_CAPTURE_AUTORELEASING = YES;
				CLANG_WARN_BOOL_CONVERSION = YES;
				CLANG_WARN_COMMA = YES;
				CLANG_WARN_CONSTANT_CONVERSION = YES;
				CLANG_WARN_DEPRECATED_OBJC_IMPLEMENTATIONS = YES;
				CLANG_WARN_DIRECT_OBJC_ISA_USAGE = YES_ERROR;
				CLANG_WARN_DOCUMENTATION_COMMENTS = YES;
				CLANG_WARN_EMPTY_BODY = YES;
				CLANG_WARN_ENUM_CONVERSION = YES;
				CLANG_WARN_INFINITE_RECURSION = YES;
				CLANG_WARN_INT_CONVERSION = YES;
				CLANG_WARN_NON_LITERAL_NULL_CONVERSION = YES;
				CLANG_WARN_OBJC_IMPLICIT_RETAIN_SELF = YES;
				CLANG_WARN_OBJC_LITERAL_CONVERSION = YES;
				CLANG_WARN_OBJC_ROOT_CLASS = YES_ERROR;
				CLANG_WARN_QUOTED_INCLUDE_IN_FRAMEWORK_HEADER = YES;
				CLANG_WARN_RANGE_LOOP_ANALYSIS = YES;
				CLANG_WARN_STRICT_PROTOTYPES = YES;
				CLANG_WARN_SUSPICIOUS_MOVE = YES;
				CLANG_WARN_UNGUARDED_AVAILABILITY = YES_AGGRESSIVE;
				CLANG_WARN_UNREACHABLE_CODE = YES;
				CLANG_WARN__DUPLICATE_METHOD_MATCH = YES;
				COPY_PHASE_STRIP = NO;
				DEBUG_INFORMATION_FORMAT = dwarf;
				ENABLE_STRICT_OBJC_MSGSEND = YES;
				ENABLE_TESTABILITY = YES;
				ENABLE_USER_SCRIPT_SANDBOXING = YES;
				GCC_C_LANGUAGE_STANDARD = gnu17;
				GCC_DYNAMIC_NO_PIC = NO;
				GCC_NO_COMMON_BLOCKS = YES;
				GCC_OPTIMIZATION_LEVEL = 0;
				GCC_PREPROCESSOR_DEFINITIONS = (
					"DEBUG=1",
					"$(inherited)",
				);
				GCC_WARN_64_TO_32_BIT_CONVERSION = YES;
				GCC_WARN_ABOUT_RETURN_TYPE = YES_ERROR;
				GCC_WARN_UNDECLARED_SELECTOR = YES;
				GCC_WARN_UNINITIALIZED_AUTOS = YES_AGGRESSIVE;
				GCC_WARN_UNUSED_FUNCTION = YES;
				GCC_WARN_UNUSED_VARIABLE = YES;
				LOCALIZATION_PREFERS_STRING_CATALOGS = YES;
				MACOSX_DEPLOYMENT_TARGET = 14.1;
				MTL_ENABLE_DEBUG_INFO = INCLUDE_SOURCE;
				MTL_FAST_MATH = YES;
				ONLY_ACTIVE_ARCH = YES;
				SDKROOT = macosx;
			};
			name = Debug;
		};
		3698E10E2BD903AC00630AFD /* Release */ = {
			isa = XCBuildConfiguration;
			buildSettings = {
				ALWAYS_SEARCH_USER_PATHS = NO;
				ASSETCATALOG_COMPILER_GENERATE_SWIFT_ASSET_SYMBOL_EXTENSIONS = YES;
				CLANG_ANALYZER_NONNULL = YES;
				CLANG_ANALYZER_NUMBER_OBJECT_CONVERSION = YES_AGGRESSIVE;
				CLANG_CXX_LANGUAGE_STANDARD = "gnu++17";
				CLANG_ENABLE_MODULES = YES;
				CLANG_ENABLE_OBJC_ARC = YES;
				CLANG_ENABLE_OBJC_WEAK = YES;
				CLANG_WARN_BLOCK_CAPTURE_AUTORELEASING = YES;
				CLANG_WARN_BOOL_CONVERSION = YES;
				CLANG_WARN_COMMA = YES;
				CLANG_WARN_CONSTANT_CONVERSION = YES;
				CLANG_WARN_DEPRECATED_OBJC_IMPLEMENTATIONS = YES;
				CLANG_WARN_DIRECT_OBJC_ISA_USAGE = YES_ERROR;
				CLANG_WARN_DOCUMENTATION_COMMENTS = YES;
				CLANG_WARN_EMPTY_BODY = YES;
				CLANG_WARN_ENUM_CONVERSION = YES;
				CLANG_WARN_INFINITE_RECURSION = YES;
				CLANG_WARN_INT_CONVERSION = YES;
				CLANG_WARN_NON_LITERAL_NULL_CONVERSION = YES;
				CLANG_WARN_OBJC_IMPLICIT_RETAIN_SELF = YES;
				CLANG_WARN_OBJC_LITERAL_CONVERSION = YES;
				CLANG_WARN_OBJC_ROOT_CLASS = YES_ERROR;
				CLANG_WARN_QUOTED_INCLUDE_IN_FRAMEWORK_HEADER = YES;
				CLANG_WARN_RANGE_LOOP_ANALYSIS = YES;
				CLANG_WARN_STRICT_PROTOTYPES = YES;
				CLANG_WARN_SUSPICIOUS_MOVE = YES;
				CLANG_WARN_UNGUARDED_AVAILABILITY = YES_AGGRESSIVE;
				CLANG_WARN_UNREACHABLE_CODE = YES;
				CLANG_WARN__DUPLICATE_METHOD_MATCH = YES;
				COPY_PHASE_STRIP = NO;
				DEBUG_INFORMATION_FORMAT = "dwarf-with-dsym";
				ENABLE_NS_ASSERTIONS = NO;
				ENABLE_STRICT_OBJC_MSGSEND = YES;
				ENABLE_USER_SCRIPT_SANDBOXING = YES;
				GCC_C_LANGUAGE_STANDARD = gnu17;
				GCC_NO_COMMON_BLOCKS = YES;
				GCC_WARN_64_TO_32_BIT_CONVERSION = YES;
				GCC_WARN_ABOUT_RETURN_TYPE = YES_ERROR;
				GCC_WARN_UNDECLARED_SELECTOR = YES;
				GCC_WARN_UNINITIALIZED_AUTOS = YES_AGGRESSIVE;
				GCC_WARN_UNUSED_FUNCTION = YES;
				GCC_WARN_UNUSED_VARIABLE = YES;
				LOCALIZATION_PREFERS_STRING_CATALOGS = YES;
				MACOSX_DEPLOYMENT_TARGET = 14.1;
				MTL_ENABLE_DEBUG_INFO = NO;
				MTL_FAST_MATH = YES;
				SDKROOT = macosx;
			};
			name = Release;
		};
		3698E1102BD903AC00630AFD /* Debug */ = {
			isa = XCBuildConfiguration;
			buildSettings = {
				CLANG_CXX_LANGUAGE_STANDARD = "c++17";
				CODE_SIGN_STYLE = Automatic;
				GCC_C_LANGUAGE_STANDARD = gnu17;
				PRODUCT_NAME = "$(TARGET_NAME)";
			};
			name = Debug;
		};
		3698E1112BD903AC00630AFD /* Release */ = {
			isa = XCBuildConfiguration;
			buildSettings = {
				CLANG_CXX_LANGUAGE_STANDARD = "c++17";
				CODE_SIGN_STYLE = Automatic;
				GCC_C_LANGUAGE_STANDARD = gnu17;
				PRODUCT_NAME = "$(TARGET_NAME)";
			};
			name = Release;
		};
/* End XCBuildConfiguration section */

/* Begin XCConfigurationList section */
		3698E1032BD903AC00630AFD /* Build configuration list for PBXProject "Vigenère Cipher" */ = {
			isa = XCConfigurationList;
			buildConfigurations = (
				3698E10D2BD903AC00630AFD /* Debug */,
				3698E10E2BD903AC00630AFD /* Release */,
			);
			defaultConfigurationIsVisible = 0;
			defaultConfigurationName = Release;
		};
		3698E10F2BD903AC00630AFD /* Build configuration list for PBXNativeTarget "Vigenère Cipher" */ = {
			isa = XCConfigurationList;
			buildConfigurations = (
				3698E1102BD903AC00630AFD /* Debug */,
				3698E1112BD903AC00630AFD /* Release */,
			);
			defaultConfigurationIsVisible = 0;
			defaultConfigurationName = Release;
		};
/* End XCConfigurationList section */
	};
	rootObject = 3698E1002BD903AC00630AFD /* Project object */;
}
