// !$*UTF8*$!
{
	archiveVersion = 1;
	classes = {
	};
	objectVersion = 56;
	objects = {

/* Begin PBXBuildFile section */
		3638798B2BAE5F36008E3399 /* main.cpp in Sources */ = {isa = PBXBuildFile; fileRef = 3638798A2BAE5F36008E3399 /* main.cpp */; };
		363879952BAE60EF008E3399 /* Vector2D.cpp in Sources */ = {isa = PBXBuildFile; fileRef = 363879912BAE60EF008E3399 /* Vector2D.cpp */; };
		363879962BAE60EF008E3399 /* Vector3D.cpp in Sources */ = {isa = PBXBuildFile; fileRef = 363879932BAE60EF008E3399 /* Vector3D.cpp */; };
		363879992BAE8BC7008E3399 /* Matrix3x3.cpp in Sources */ = {isa = PBXBuildFile; fileRef = 363879982BAE8BC7008E3399 /* Matrix3x3.cpp */; };
		3638799E2BB03C70008E3399 /* Polygon.cpp in Sources */ = {isa = PBXBuildFile; fileRef = 3638799B2BB03C70008E3399 /* Polygon.cpp */; };
		363879AF2BB2E43F008E3399 /* Matrix3x3_PS1.cpp in Sources */ = {isa = PBXBuildFile; fileRef = 363879AC2BB2E43F008E3399 /* Matrix3x3_PS1.cpp */; };
		363879B02BB2E43F008E3399 /* Polygon_PS1.cpp in Sources */ = {isa = PBXBuildFile; fileRef = 363879AD2BB2E43F008E3399 /* Polygon_PS1.cpp */; };
		363879B12BB2E43F008E3399 /* Vector3D_PS1.cpp in Sources */ = {isa = PBXBuildFile; fileRef = 363879AE2BB2E43F008E3399 /* Vector3D_PS1.cpp */; };
/* End PBXBuildFile section */

/* Begin PBXCopyFilesBuildPhase section */
		363879852BAE5F36008E3399 /* CopyFiles */ = {
			isa = PBXCopyFilesBuildPhase;
			buildActionMask = 2147483647;
			dstPath = /usr/share/man/man1/;
			dstSubfolderSpec = 0;
			files = (
			);
			runOnlyForDeploymentPostprocessing = 1;
		};
/* End PBXCopyFilesBuildPhase section */

/* Begin PBXFileReference section */
		363879872BAE5F36008E3399 /* dsp_A_1 */ = {isa = PBXFileReference; explicitFileType = "compiled.mach-o.executable"; includeInIndex = 0; path = dsp_A_1; sourceTree = BUILT_PRODUCTS_DIR; };
		3638798A2BAE5F36008E3399 /* main.cpp */ = {isa = PBXFileReference; lastKnownFileType = sourcecode.cpp.cpp; path = main.cpp; sourceTree = "<group>"; };
		363879912BAE60EF008E3399 /* Vector2D.cpp */ = {isa = PBXFileReference; fileEncoding = 4; lastKnownFileType = sourcecode.cpp.cpp; path = Vector2D.cpp; sourceTree = "<group>"; };
		363879922BAE60EF008E3399 /* Vector2D.h */ = {isa = PBXFileReference; fileEncoding = 4; lastKnownFileType = sourcecode.c.h; path = Vector2D.h; sourceTree = "<group>"; };
		363879932BAE60EF008E3399 /* Vector3D.cpp */ = {isa = PBXFileReference; fileEncoding = 4; lastKnownFileType = sourcecode.cpp.cpp; path = Vector3D.cpp; sourceTree = "<group>"; };
		363879942BAE60EF008E3399 /* Vector3D.h */ = {isa = PBXFileReference; fileEncoding = 4; lastKnownFileType = sourcecode.c.h; path = Vector3D.h; sourceTree = "<group>"; };
		363879972BAE8BC7008E3399 /* Matrix3x3.h */ = {isa = PBXFileReference; fileEncoding = 4; lastKnownFileType = sourcecode.c.h; path = Matrix3x3.h; sourceTree = "<group>"; };
		363879982BAE8BC7008E3399 /* Matrix3x3.cpp */ = {isa = PBXFileReference; fileEncoding = 4; lastKnownFileType = sourcecode.cpp.cpp; path = Matrix3x3.cpp; sourceTree = "<group>"; };
		3638799B2BB03C70008E3399 /* Polygon.cpp */ = {isa = PBXFileReference; fileEncoding = 4; lastKnownFileType = sourcecode.cpp.cpp; path = Polygon.cpp; sourceTree = "<group>"; };
		3638799C2BB03C70008E3399 /* Parallelogram.txt */ = {isa = PBXFileReference; fileEncoding = 4; lastKnownFileType = text; path = Parallelogram.txt; sourceTree = "<group>"; };
		3638799D2BB03C70008E3399 /* Polygon.h */ = {isa = PBXFileReference; fileEncoding = 4; lastKnownFileType = sourcecode.c.h; path = Polygon.h; sourceTree = "<group>"; };
		3638799F2BB289D1008E3399 /* Data.txt */ = {isa = PBXFileReference; lastKnownFileType = text; path = Data.txt; sourceTree = "<group>"; };
		363879AC2BB2E43F008E3399 /* Matrix3x3_PS1.cpp */ = {isa = PBXFileReference; fileEncoding = 4; lastKnownFileType = sourcecode.cpp.cpp; path = Matrix3x3_PS1.cpp; sourceTree = "<group>"; };
		363879AD2BB2E43F008E3399 /* Polygon_PS1.cpp */ = {isa = PBXFileReference; fileEncoding = 4; lastKnownFileType = sourcecode.cpp.cpp; path = Polygon_PS1.cpp; sourceTree = "<group>"; };
		363879AE2BB2E43F008E3399 /* Vector3D_PS1.cpp */ = {isa = PBXFileReference; fileEncoding = 4; lastKnownFileType = sourcecode.cpp.cpp; path = Vector3D_PS1.cpp; sourceTree = "<group>"; };
/* End PBXFileReference section */

/* Begin PBXFrameworksBuildPhase section */
		363879842BAE5F36008E3399 /* Frameworks */ = {
			isa = PBXFrameworksBuildPhase;
			buildActionMask = 2147483647;
			files = (
			);
			runOnlyForDeploymentPostprocessing = 0;
		};
/* End PBXFrameworksBuildPhase section */

/* Begin PBXGroup section */
		3638797E2BAE5F36008E3399 = {
			isa = PBXGroup;
			children = (
				363879892BAE5F36008E3399 /* dsp_A_1 */,
				363879882BAE5F36008E3399 /* Products */,
			);
			sourceTree = "<group>";
		};
		363879882BAE5F36008E3399 /* Products */ = {
			isa = PBXGroup;
			children = (
				363879872BAE5F36008E3399 /* dsp_A_1 */,
			);
			name = Products;
			sourceTree = "<group>";
		};
		363879892BAE5F36008E3399 /* dsp_A_1 */ = {
			isa = PBXGroup;
			children = (
				363879972BAE8BC7008E3399 /* Matrix3x3.h */,
				363879982BAE8BC7008E3399 /* Matrix3x3.cpp */,
				363879912BAE60EF008E3399 /* Vector2D.cpp */,
				363879922BAE60EF008E3399 /* Vector2D.h */,
				363879932BAE60EF008E3399 /* Vector3D.cpp */,
				363879942BAE60EF008E3399 /* Vector3D.h */,
				3638798A2BAE5F36008E3399 /* main.cpp */,
				3638799C2BB03C70008E3399 /* Parallelogram.txt */,
				3638799F2BB289D1008E3399 /* Data.txt */,
				3638799B2BB03C70008E3399 /* Polygon.cpp */,
				3638799D2BB03C70008E3399 /* Polygon.h */,
				363879AC2BB2E43F008E3399 /* Matrix3x3_PS1.cpp */,
				363879AD2BB2E43F008E3399 /* Polygon_PS1.cpp */,
				363879AE2BB2E43F008E3399 /* Vector3D_PS1.cpp */,
			);
			path = dsp_A_1;
			sourceTree = "<group>";
		};
/* End PBXGroup section */

/* Begin PBXNativeTarget section */
		363879862BAE5F36008E3399 /* dsp_A_1 */ = {
			isa = PBXNativeTarget;
			buildConfigurationList = 3638798E2BAE5F36008E3399 /* Build configuration list for PBXNativeTarget "dsp_A_1" */;
			buildPhases = (
				363879832BAE5F36008E3399 /* Sources */,
				363879842BAE5F36008E3399 /* Frameworks */,
				363879852BAE5F36008E3399 /* CopyFiles */,
			);
			buildRules = (
			);
			dependencies = (
			);
			name = dsp_A_1;
			productName = dsp_A_1;
			productReference = 363879872BAE5F36008E3399 /* dsp_A_1 */;
			productType = "com.apple.product-type.tool";
		};
/* End PBXNativeTarget section */

/* Begin PBXProject section */
		3638797F2BAE5F36008E3399 /* Project object */ = {
			isa = PBXProject;
			attributes = {
				BuildIndependentTargetsInParallel = 1;
				LastUpgradeCheck = 1510;
				TargetAttributes = {
					363879862BAE5F36008E3399 = {
						CreatedOnToolsVersion = 15.1;
					};
				};
			};
			buildConfigurationList = 363879822BAE5F36008E3399 /* Build configuration list for PBXProject "dsp_A_1" */;
			compatibilityVersion = "Xcode 14.0";
			developmentRegion = en;
			hasScannedForEncodings = 0;
			knownRegions = (
				en,
				Base,
			);
			mainGroup = 3638797E2BAE5F36008E3399;
			productRefGroup = 363879882BAE5F36008E3399 /* Products */;
			projectDirPath = "";
			projectRoot = "";
			targets = (
				363879862BAE5F36008E3399 /* dsp_A_1 */,
			);
		};
/* End PBXProject section */

/* Begin PBXSourcesBuildPhase section */
		363879832BAE5F36008E3399 /* Sources */ = {
			isa = PBXSourcesBuildPhase;
			buildActionMask = 2147483647;
			files = (
				363879952BAE60EF008E3399 /* Vector2D.cpp in Sources */,
				3638799E2BB03C70008E3399 /* Polygon.cpp in Sources */,
				363879992BAE8BC7008E3399 /* Matrix3x3.cpp in Sources */,
				3638798B2BAE5F36008E3399 /* main.cpp in Sources */,
				363879AF2BB2E43F008E3399 /* Matrix3x3_PS1.cpp in Sources */,
				363879B02BB2E43F008E3399 /* Polygon_PS1.cpp in Sources */,
				363879B12BB2E43F008E3399 /* Vector3D_PS1.cpp in Sources */,
				363879962BAE60EF008E3399 /* Vector3D.cpp in Sources */,
			);
			runOnlyForDeploymentPostprocessing = 0;
		};
/* End PBXSourcesBuildPhase section */

/* Begin XCBuildConfiguration section */
		3638798C2BAE5F36008E3399 /* Debug */ = {
			isa = XCBuildConfiguration;
			buildSettings = {
				ALWAYS_SEARCH_USER_PATHS = NO;
				ASSETCATALOG_COMPILER_GENERATE_SWIFT_ASSET_SYMBOL_EXTENSIONS = YES;
				CLANG_ANALYZER_NONNULL = YES;
				CLANG_ANALYZER_NUMBER_OBJECT_CONVERSION = YES_AGGRESSIVE;
				CLANG_CXX_LANGUAGE_STANDARD = "gnu++20";
				CLANG_ENABLE_MODULES = YES;
				CLANG_ENABLE_OBJC_ARC = YES;
				CLANG_ENABLE_OBJC_WEAK = YES;
				CLANG_WARN_BLOCK_CAPTURE_AUTORELEASING = YES;
				CLANG_WARN_BOOL_CONVERSION = YES;
				CLANG_WARN_COMMA = YES;
				CLANG_WARN_CONSTANT_CONVERSION = YES;
				CLANG_WARN_DEPRECATED_OBJC_IMPLEMENTATIONS = YES;
				CLANG_WARN_DIRECT_OBJC_ISA_USAGE = YES_ERROR;
				CLANG_WARN_DOCUMENTATION_COMMENTS = YES;
				CLANG_WARN_EMPTY_BODY = YES;
				CLANG_WARN_ENUM_CONVERSION = YES;
				CLANG_WARN_INFINITE_RECURSION = YES;
				CLANG_WARN_INT_CONVERSION = YES;
				CLANG_WARN_NON_LITERAL_NULL_CONVERSION = YES;
				CLANG_WARN_OBJC_IMPLICIT_RETAIN_SELF = YES;
				CLANG_WARN_OBJC_LITERAL_CONVERSION = YES;
				CLANG_WARN_OBJC_ROOT_CLASS = YES_ERROR;
				CLANG_WARN_QUOTED_INCLUDE_IN_FRAMEWORK_HEADER = YES;
				CLANG_WARN_RANGE_LOOP_ANALYSIS = YES;
				CLANG_WARN_STRICT_PROTOTYPES = YES;
				CLANG_WARN_SUSPICIOUS_MOVE = YES;
				CLANG_WARN_UNGUARDED_AVAILABILITY = YES_AGGRESSIVE;
				CLANG_WARN_UNREACHABLE_CODE = YES;
				CLANG_WARN__DUPLICATE_METHOD_MATCH = YES;
				COPY_PHASE_STRIP = NO;
				DEBUG_INFORMATION_FORMAT = dwarf;
				ENABLE_STRICT_OBJC_MSGSEND = YES;
				ENABLE_TESTABILITY = YES;
				ENABLE_USER_SCRIPT_SANDBOXING = YES;
				GCC_C_LANGUAGE_STANDARD = gnu17;
				GCC_DYNAMIC_NO_PIC = NO;
				GCC_NO_COMMON_BLOCKS = YES;
				GCC_OPTIMIZATION_LEVEL = 0;
				GCC_PREPROCESSOR_DEFINITIONS = (
					"DEBUG=1",
					"$(inherited)",
				);
				GCC_WARN_64_TO_32_BIT_CONVERSION = YES;
				GCC_WARN_ABOUT_RETURN_TYPE = YES_ERROR;
				GCC_WARN_UNDECLARED_SELECTOR = YES;
				GCC_WARN_UNINITIALIZED_AUTOS = YES_AGGRESSIVE;
				GCC_WARN_UNUSED_FUNCTION = YES;
				GCC_WARN_UNUSED_VARIABLE = YES;
				LOCALIZATION_PREFERS_STRING_CATALOGS = YES;
				MACOSX_DEPLOYMENT_TARGET = 14.1;
				MTL_ENABLE_DEBUG_INFO = INCLUDE_SOURCE;
				MTL_FAST_MATH = YES;
				ONLY_ACTIVE_ARCH = YES;
				SDKROOT = macosx;
			};
			name = Debug;
		};
		3638798D2BAE5F36008E3399 /* Release */ = {
			isa = XCBuildConfiguration;
			buildSettings = {
				ALWAYS_SEARCH_USER_PATHS = NO;
				ASSETCATALOG_COMPILER_GENERATE_SWIFT_ASSET_SYMBOL_EXTENSIONS = YES;
				CLANG_ANALYZER_NONNULL = YES;
				CLANG_ANALYZER_NUMBER_OBJECT_CONVERSION = YES_AGGRESSIVE;
				CLANG_CXX_LANGUAGE_STANDARD = "gnu++20";
				CLANG_ENABLE_MODULES = YES;
				CLANG_ENABLE_OBJC_ARC = YES;
				CLANG_ENABLE_OBJC_WEAK = YES;
				CLANG_WARN_BLOCK_CAPTURE_AUTORELEASING = YES;
				CLANG_WARN_BOOL_CONVERSION = YES;
				CLANG_WARN_COMMA = YES;
				CLANG_WARN_CONSTANT_CONVERSION = YES;
				CLANG_WARN_DEPRECATED_OBJC_IMPLEMENTATIONS = YES;
				CLANG_WARN_DIRECT_OBJC_ISA_USAGE = YES_ERROR;
				CLANG_WARN_DOCUMENTATION_COMMENTS = YES;
				CLANG_WARN_EMPTY_BODY = YES;
				CLANG_WARN_ENUM_CONVERSION = YES;
				CLANG_WARN_INFINITE_RECURSION = YES;
				CLANG_WARN_INT_CONVERSION = YES;
				CLANG_WARN_NON_LITERAL_NULL_CONVERSION = YES;
				CLANG_WARN_OBJC_IMPLICIT_RETAIN_SELF = YES;
				CLANG_WARN_OBJC_LITERAL_CONVERSION = YES;
				CLANG_WARN_OBJC_ROOT_CLASS = YES_ERROR;
				CLANG_WARN_QUOTED_INCLUDE_IN_FRAMEWORK_HEADER = YES;
				CLANG_WARN_RANGE_LOOP_ANALYSIS = YES;
				CLANG_WARN_STRICT_PROTOTYPES = YES;
				CLANG_WARN_SUSPICIOUS_MOVE = YES;
				CLANG_WARN_UNGUARDED_AVAILABILITY = YES_AGGRESSIVE;
				CLANG_WARN_UNREACHABLE_CODE = YES;
				CLANG_WARN__DUPLICATE_METHOD_MATCH = YES;
				COPY_PHASE_STRIP = NO;
				DEBUG_INFORMATION_FORMAT = "dwarf-with-dsym";
				ENABLE_NS_ASSERTIONS = NO;
				ENABLE_STRICT_OBJC_MSGSEND = YES;
				ENABLE_USER_SCRIPT_SANDBOXING = YES;
				GCC_C_LANGUAGE_STANDARD = gnu17;
				GCC_NO_COMMON_BLOCKS = YES;
				GCC_WARN_64_TO_32_BIT_CONVERSION = YES;
				GCC_WARN_ABOUT_RETURN_TYPE = YES_ERROR;
				GCC_WARN_UNDECLARED_SELECTOR = YES;
				GCC_WARN_UNINITIALIZED_AUTOS = YES_AGGRESSIVE;
				GCC_WARN_UNUSED_FUNCTION = YES;
				GCC_WARN_UNUSED_VARIABLE = YES;
				LOCALIZATION_PREFERS_STRING_CATALOGS = YES;
				MACOSX_DEPLOYMENT_TARGET = 14.1;
				MTL_ENABLE_DEBUG_INFO = NO;
				MTL_FAST_MATH = YES;
				SDKROOT = macosx;
			};
			name = Release;
		};
		3638798F2BAE5F36008E3399 /* Debug */ = {
			isa = XCBuildConfiguration;
			buildSettings = {
				CODE_SIGN_STYLE = Automatic;
				PRODUCT_NAME = "$(TARGET_NAME)";
			};
			name = Debug;
		};
		363879902BAE5F36008E3399 /* Release */ = {
			isa = XCBuildConfiguration;
			buildSettings = {
				CODE_SIGN_STYLE = Automatic;
				PRODUCT_NAME = "$(TARGET_NAME)";
			};
			name = Release;
		};
/* End XCBuildConfiguration section */

/* Begin XCConfigurationList section */
		363879822BAE5F36008E3399 /* Build configuration list for PBXProject "dsp_A_1" */ = {
			isa = XCConfigurationList;
			buildConfigurations = (
				3638798C2BAE5F36008E3399 /* Debug */,
				3638798D2BAE5F36008E3399 /* Release */,
			);
			defaultConfigurationIsVisible = 0;
			defaultConfigurationName = Release;
		};
		3638798E2BAE5F36008E3399 /* Build configuration list for PBXNativeTarget "dsp_A_1" */ = {
			isa = XCConfigurationList;
			buildConfigurations = (
				3638798F2BAE5F36008E3399 /* Debug */,
				363879902BAE5F36008E3399 /* Release */,
			);
			defaultConfigurationIsVisible = 0;
			defaultConfigurationName = Release;
		};
/* End XCConfigurationList section */
	};
	rootObject = 3638797F2BAE5F36008E3399 /* Project object */;
}
